
Microsoft Visual Studio Solution File, Format Version 11.00
# Visual Studio 2010
Project("{FAE04EC0-301F-11D3-BF4B-00C04F79EFBC}") = "IRCBotService", "IRCBotService\IRCBotService.csproj", "{C05E77A9-CD18-41E2-AE92-C555D2EC7A83}"
EndProject
Project("{54435603-DBB4-11D2-8724-00A0C9A8B90C}") = "IRCBotServiceSetup", "IRCBotServiceSetup\IRCBotServiceSetup.vdproj", "{0240DE34-BE2D-4609-ACCD-6787E77C9827}"
EndProject
Global
	GlobalSection(SolutionConfigurationPlatforms) = preSolution
		Debug|x86 = Debug|x86
		Release|x86 = Release|x86
	EndGlobalSection
	GlobalSection(ProjectConfigurationPlatforms) = postSolution
		{C05E77A9-CD18-41E2-AE92-C555D2EC7A83}.Debug|x86.ActiveCfg = Debug|x86
		{C05E77A9-CD18-41E2-AE92-C555D2EC7A83}.Debug|x86.Build.0 = Debug|x86
		{C05E77A9-CD18-41E2-AE92-C555D2EC7A83}.Release|x86.ActiveCfg = Release|x86
		{C05E77A9-CD18-41E2-AE92-C555D2EC7A83}.Release|x86.Build.0 = Release|x86
		{0240DE34-BE2D-4609-ACCD-6787E77C9827}.Debug|x86.ActiveCfg = Debug
		{0240DE34-BE2D-4609-ACCD-6787E77C9827}.Release|x86.ActiveCfg = Release
	EndGlobalSection
	GlobalSection(SolutionProperties) = preSolution
		HideSolutionNode = FALSE
	EndGlobalSection
EndGlobal
