
Microsoft Visual Studio Solution File, Format Version 11.00
# Visual Studio 2010
Project("{FAE04EC0-301F-11D3-BF4B-00C04F79EFBC}") = "MPCdotNet", "MPCdotNet\MPCdotNet.csproj", "{B0EB9A72-080F-41E3-9649-247A593A3507}"
EndProject
Project("{FAE04EC0-301F-11D3-BF4B-00C04F79EFBC}") = "MPCdotNetClient", "MPCdotNetClient\MPCdotNetClient.csproj", "{2F2F15A8-06BB-4D80-8C29-CA6F5DF6287B}"
EndProject
Project("{FAE04EC0-301F-11D3-BF4B-00C04F79EFBC}") = "LogitechLCD", "LogitechLCD\LogitechLCD.csproj", "{A39FAC86-4811-4465-899C-3C28CE9903F1}"
EndProject
Project("{FAE04EC0-301F-11D3-BF4B-00C04F79EFBC}") = "LgLcd.NET", "..\..\Logitech-LCD\LgLcd.NET\LgLcd.NET.csproj", "{6A21C0D9-1024-4774-948B-A918042A5D38}"
EndProject
Global
	GlobalSection(SolutionConfigurationPlatforms) = preSolution
		Debug|Any CPU = Debug|Any CPU
		Debug|x64 = Debug|x64
		Debug|x86 = Debug|x86
		Release|Any CPU = Release|Any CPU
		Release|x64 = Release|x64
		Release|x86 = Release|x86
	EndGlobalSection
	GlobalSection(ProjectConfigurationPlatforms) = postSolution
		{B0EB9A72-080F-41E3-9649-247A593A3507}.Debug|Any CPU.ActiveCfg = Debug|Any CPU
		{B0EB9A72-080F-41E3-9649-247A593A3507}.Debug|Any CPU.Build.0 = Debug|Any CPU
		{B0EB9A72-080F-41E3-9649-247A593A3507}.Debug|x64.ActiveCfg = Debug|x64
		{B0EB9A72-080F-41E3-9649-247A593A3507}.Debug|x64.Build.0 = Debug|x64
		{B0EB9A72-080F-41E3-9649-247A593A3507}.Debug|x86.ActiveCfg = Debug|x86
		{B0EB9A72-080F-41E3-9649-247A593A3507}.Debug|x86.Build.0 = Debug|x86
		{B0EB9A72-080F-41E3-9649-247A593A3507}.Release|Any CPU.ActiveCfg = Release|Any CPU
		{B0EB9A72-080F-41E3-9649-247A593A3507}.Release|Any CPU.Build.0 = Release|Any CPU
		{B0EB9A72-080F-41E3-9649-247A593A3507}.Release|x64.ActiveCfg = Release|x64
		{B0EB9A72-080F-41E3-9649-247A593A3507}.Release|x64.Build.0 = Release|x64
		{B0EB9A72-080F-41E3-9649-247A593A3507}.Release|x86.ActiveCfg = Release|x86
		{B0EB9A72-080F-41E3-9649-247A593A3507}.Release|x86.Build.0 = Release|x86
		{2F2F15A8-06BB-4D80-8C29-CA6F5DF6287B}.Debug|Any CPU.ActiveCfg = Debug|Any CPU
		{2F2F15A8-06BB-4D80-8C29-CA6F5DF6287B}.Debug|Any CPU.Build.0 = Debug|Any CPU
		{2F2F15A8-06BB-4D80-8C29-CA6F5DF6287B}.Debug|x64.ActiveCfg = Debug|x64
		{2F2F15A8-06BB-4D80-8C29-CA6F5DF6287B}.Debug|x64.Build.0 = Debug|x64
		{2F2F15A8-06BB-4D80-8C29-CA6F5DF6287B}.Debug|x86.ActiveCfg = Debug|x86
		{2F2F15A8-06BB-4D80-8C29-CA6F5DF6287B}.Debug|x86.Build.0 = Debug|x86
		{2F2F15A8-06BB-4D80-8C29-CA6F5DF6287B}.Release|Any CPU.ActiveCfg = Release|Any CPU
		{2F2F15A8-06BB-4D80-8C29-CA6F5DF6287B}.Release|Any CPU.Build.0 = Release|Any CPU
		{2F2F15A8-06BB-4D80-8C29-CA6F5DF6287B}.Release|x64.ActiveCfg = Release|x64
		{2F2F15A8-06BB-4D80-8C29-CA6F5DF6287B}.Release|x64.Build.0 = Release|x64
		{2F2F15A8-06BB-4D80-8C29-CA6F5DF6287B}.Release|x86.ActiveCfg = Release|x86
		{2F2F15A8-06BB-4D80-8C29-CA6F5DF6287B}.Release|x86.Build.0 = Release|x86
		{A39FAC86-4811-4465-899C-3C28CE9903F1}.Debug|Any CPU.ActiveCfg = Debug|Any CPU
		{A39FAC86-4811-4465-899C-3C28CE9903F1}.Debug|Any CPU.Build.0 = Debug|Any CPU
		{A39FAC86-4811-4465-899C-3C28CE9903F1}.Debug|x64.ActiveCfg = Debug|Any CPU
		{A39FAC86-4811-4465-899C-3C28CE9903F1}.Debug|x86.ActiveCfg = Debug|Any CPU
		{A39FAC86-4811-4465-899C-3C28CE9903F1}.Release|Any CPU.ActiveCfg = Release|Any CPU
		{A39FAC86-4811-4465-899C-3C28CE9903F1}.Release|x64.ActiveCfg = Release|x64
		{A39FAC86-4811-4465-899C-3C28CE9903F1}.Release|x86.ActiveCfg = Release|x86
		{A39FAC86-4811-4465-899C-3C28CE9903F1}.Release|x86.Build.0 = Release|x86
		{6A21C0D9-1024-4774-948B-A918042A5D38}.Debug|Any CPU.ActiveCfg = Debug|Any CPU
		{6A21C0D9-1024-4774-948B-A918042A5D38}.Debug|Any CPU.Build.0 = Debug|Any CPU
		{6A21C0D9-1024-4774-948B-A918042A5D38}.Debug|x64.ActiveCfg = Debug|x64
		{6A21C0D9-1024-4774-948B-A918042A5D38}.Debug|x64.Build.0 = Debug|x64
		{6A21C0D9-1024-4774-948B-A918042A5D38}.Debug|x86.ActiveCfg = Debug|x86
		{6A21C0D9-1024-4774-948B-A918042A5D38}.Debug|x86.Build.0 = Debug|x86
		{6A21C0D9-1024-4774-948B-A918042A5D38}.Release|Any CPU.ActiveCfg = Release|Any CPU
		{6A21C0D9-1024-4774-948B-A918042A5D38}.Release|Any CPU.Build.0 = Release|Any CPU
		{6A21C0D9-1024-4774-948B-A918042A5D38}.Release|x64.ActiveCfg = Release|x64
		{6A21C0D9-1024-4774-948B-A918042A5D38}.Release|x64.Build.0 = Release|x64
		{6A21C0D9-1024-4774-948B-A918042A5D38}.Release|x86.ActiveCfg = Release|x86
		{6A21C0D9-1024-4774-948B-A918042A5D38}.Release|x86.Build.0 = Release|x86
	EndGlobalSection
	GlobalSection(SolutionProperties) = preSolution
		HideSolutionNode = FALSE
	EndGlobalSection
EndGlobal
